
Microsoft Visual Studio Solution File, Format Version 12.00
Project("{2150E333-8FDC-42A3-9474-1A3956D46DE8}") = "0 - Domain", "0 - Domain", "{AA747728-4011-4497-90E7-E9D797DADDD0}"
EndProject
Project("{2150E333-8FDC-42A3-9474-1A3956D46DE8}") = "1 - Tests", "1 - Tests", "{CC649610-E496-4D7D-B1FC-6A4549DE4897}"
EndProject
Project("{2150E333-8FDC-42A3-9474-1A3956D46DE8}") = "2 - Infra", "2 - Infra", "{D3134D7B-F9E0-42F9-A492-D4FB2FEDA13E}"
EndProject
Project("{2150E333-8FDC-42A3-9474-1A3956D46DE8}") = "3 - Application", "3 - Application", "{246959B4-CE10-45C3-B154-760B181CF897}"
EndProject
Project("{2150E333-8FDC-42A3-9474-1A3956D46DE8}") = "4 - API", "4 - API", "{4A86B3F2-3878-4390-A88B-C7B5E8E15D54}"
EndProject
Project("{2150E333-8FDC-42A3-9474-1A3956D46DE8}") = "5 - Presentation", "5 - Presentation", "{8C5437D0-D4E0-4998-81F6-DA13D5CD9AC7}"
EndProject
Project("{FAE04EC0-301F-11D3-BF4B-00C04F79EFBC}") = "Switch.Domain", "Switch.Domain\Switch.Domain.csproj", "{AF18590C-F02D-4E16-BB02-ED4CF3D657BE}"
EndProject
Project("{2150E333-8FDC-42A3-9474-1A3956D46DE8}") = "2.1 - CrossCutting", "2.1 - CrossCutting", "{6B0DF0D7-37EB-4356-AEC7-B3F0BD4A5BB4}"
EndProject
Project("{2150E333-8FDC-42A3-9474-1A3956D46DE8}") = "2.2 - Data", "2.2 - Data", "{39881B53-A709-4244-A2A5-6C33A4AFD5E4}"
EndProject
Project("{FAE04EC0-301F-11D3-BF4B-00C04F79EFBC}") = "Switch.Infra.Data", "Switch.Infra.Data\Switch.Infra.Data.csproj", "{20BC859D-476A-411A-A3A6-A13A461BD3E6}"
EndProject
Project("{FAE04EC0-301F-11D3-BF4B-00C04F79EFBC}") = "Switch.Application", "Switch.Application\Switch.Application.csproj", "{597634D1-A65D-4347-8BC4-DB6CF270D89B}"
EndProject
Project("{FAE04EC0-301F-11D3-BF4B-00C04F79EFBC}") = "Switch.API", "Switch.API\Switch.API.csproj", "{C8D5A32E-7F27-4E6F-A2A5-33B035C6F8E2}"
EndProject
Project("{FAE04EC0-301F-11D3-BF4B-00C04F79EFBC}") = "Switch.Domain.Tests", "Switch.Domain.Tests\Switch.Domain.Tests.csproj", "{CA5510A7-F647-4BBD-B0FB-4724A82BCD61}"
EndProject
Global
	GlobalSection(SolutionConfigurationPlatforms) = preSolution
		Debug|Any CPU = Debug|Any CPU
		Release|Any CPU = Release|Any CPU
	EndGlobalSection
	GlobalSection(NestedProjects) = preSolution
		{AF18590C-F02D-4E16-BB02-ED4CF3D657BE} = {AA747728-4011-4497-90E7-E9D797DADDD0}
		{6B0DF0D7-37EB-4356-AEC7-B3F0BD4A5BB4} = {D3134D7B-F9E0-42F9-A492-D4FB2FEDA13E}
		{39881B53-A709-4244-A2A5-6C33A4AFD5E4} = {D3134D7B-F9E0-42F9-A492-D4FB2FEDA13E}
		{20BC859D-476A-411A-A3A6-A13A461BD3E6} = {39881B53-A709-4244-A2A5-6C33A4AFD5E4}
		{597634D1-A65D-4347-8BC4-DB6CF270D89B} = {246959B4-CE10-45C3-B154-760B181CF897}
		{C8D5A32E-7F27-4E6F-A2A5-33B035C6F8E2} = {4A86B3F2-3878-4390-A88B-C7B5E8E15D54}
		{CA5510A7-F647-4BBD-B0FB-4724A82BCD61} = {CC649610-E496-4D7D-B1FC-6A4549DE4897}
	EndGlobalSection
	GlobalSection(ProjectConfigurationPlatforms) = postSolution
		{AF18590C-F02D-4E16-BB02-ED4CF3D657BE}.Debug|Any CPU.ActiveCfg = Debug|Any CPU
		{AF18590C-F02D-4E16-BB02-ED4CF3D657BE}.Debug|Any CPU.Build.0 = Debug|Any CPU
		{AF18590C-F02D-4E16-BB02-ED4CF3D657BE}.Release|Any CPU.ActiveCfg = Release|Any CPU
		{AF18590C-F02D-4E16-BB02-ED4CF3D657BE}.Release|Any CPU.Build.0 = Release|Any CPU
		{20BC859D-476A-411A-A3A6-A13A461BD3E6}.Debug|Any CPU.ActiveCfg = Debug|Any CPU
		{20BC859D-476A-411A-A3A6-A13A461BD3E6}.Debug|Any CPU.Build.0 = Debug|Any CPU
		{20BC859D-476A-411A-A3A6-A13A461BD3E6}.Release|Any CPU.ActiveCfg = Release|Any CPU
		{20BC859D-476A-411A-A3A6-A13A461BD3E6}.Release|Any CPU.Build.0 = Release|Any CPU
		{597634D1-A65D-4347-8BC4-DB6CF270D89B}.Debug|Any CPU.ActiveCfg = Debug|Any CPU
		{597634D1-A65D-4347-8BC4-DB6CF270D89B}.Debug|Any CPU.Build.0 = Debug|Any CPU
		{597634D1-A65D-4347-8BC4-DB6CF270D89B}.Release|Any CPU.ActiveCfg = Release|Any CPU
		{597634D1-A65D-4347-8BC4-DB6CF270D89B}.Release|Any CPU.Build.0 = Release|Any CPU
		{C8D5A32E-7F27-4E6F-A2A5-33B035C6F8E2}.Debug|Any CPU.ActiveCfg = Debug|Any CPU
		{C8D5A32E-7F27-4E6F-A2A5-33B035C6F8E2}.Debug|Any CPU.Build.0 = Debug|Any CPU
		{C8D5A32E-7F27-4E6F-A2A5-33B035C6F8E2}.Release|Any CPU.ActiveCfg = Release|Any CPU
		{C8D5A32E-7F27-4E6F-A2A5-33B035C6F8E2}.Release|Any CPU.Build.0 = Release|Any CPU
		{CA5510A7-F647-4BBD-B0FB-4724A82BCD61}.Debug|Any CPU.ActiveCfg = Debug|Any CPU
		{CA5510A7-F647-4BBD-B0FB-4724A82BCD61}.Debug|Any CPU.Build.0 = Debug|Any CPU
		{CA5510A7-F647-4BBD-B0FB-4724A82BCD61}.Release|Any CPU.ActiveCfg = Release|Any CPU
		{CA5510A7-F647-4BBD-B0FB-4724A82BCD61}.Release|Any CPU.Build.0 = Release|Any CPU
	EndGlobalSection
EndGlobal
